
Microsoft Visual Studio Solution File, Format Version 12.00
# Visual Studio Version 17
VisualStudioVersion = 17.0.32112.339
MinimumVisualStudioVersion = 10.0.40219.1
Project("{9A19103F-16F7-4668-BE54-9A1E7A4F7556}") = "Smokey", "src\Smokey\Smokey.csproj", "{55569D62-E112-4FAF-9A27-264ED8BCAB79}"
EndProject
Project("{2150E333-8FDC-42A3-9474-1A3956D46DE8}") = "Demo", "Demo", "{C28B6D20-1E83-473A-8134-20E82C8D1445}"
	ProjectSection(SolutionItems) = preProject
		Demo.Dockerfile = Demo.Dockerfile
		docker-compose.demo.yml = docker-compose.demo.yml
		run_tests.sh = run_tests.sh
	EndProjectSection
EndProject
Project("{FAE04EC0-301F-11D3-BF4B-00C04F79EFBC}") = "Smokey.Demo.Features.ValuesCollecting", "demo\Smokey.Demo.Features.ValuesCollecting\Smokey.Demo.Features.ValuesCollecting.csproj", "{33D98BA0-4475-40E5-B4BC-A725B084C6F7}"
EndProject
Project("{FAE04EC0-301F-11D3-BF4B-00C04F79EFBC}") = "Smokey.Demo", "demo\Smokey.Demo\Smokey.Demo.csproj", "{05133918-BFB3-4DF4-8E3F-C315FC33E5EB}"
EndProject
Global
	GlobalSection(SolutionConfigurationPlatforms) = preSolution
		Debug|Any CPU = Debug|Any CPU
		Release|Any CPU = Release|Any CPU
	EndGlobalSection
	GlobalSection(ProjectConfigurationPlatforms) = postSolution
		{55569D62-E112-4FAF-9A27-264ED8BCAB79}.Debug|Any CPU.ActiveCfg = Debug|Any CPU
		{55569D62-E112-4FAF-9A27-264ED8BCAB79}.Debug|Any CPU.Build.0 = Debug|Any CPU
		{55569D62-E112-4FAF-9A27-264ED8BCAB79}.Release|Any CPU.ActiveCfg = Release|Any CPU
		{55569D62-E112-4FAF-9A27-264ED8BCAB79}.Release|Any CPU.Build.0 = Release|Any CPU
		{33D98BA0-4475-40E5-B4BC-A725B084C6F7}.Debug|Any CPU.ActiveCfg = Debug|Any CPU
		{33D98BA0-4475-40E5-B4BC-A725B084C6F7}.Debug|Any CPU.Build.0 = Debug|Any CPU
		{33D98BA0-4475-40E5-B4BC-A725B084C6F7}.Release|Any CPU.ActiveCfg = Release|Any CPU
		{33D98BA0-4475-40E5-B4BC-A725B084C6F7}.Release|Any CPU.Build.0 = Release|Any CPU
		{05133918-BFB3-4DF4-8E3F-C315FC33E5EB}.Debug|Any CPU.ActiveCfg = Debug|Any CPU
		{05133918-BFB3-4DF4-8E3F-C315FC33E5EB}.Debug|Any CPU.Build.0 = Debug|Any CPU
		{05133918-BFB3-4DF4-8E3F-C315FC33E5EB}.Release|Any CPU.ActiveCfg = Release|Any CPU
		{05133918-BFB3-4DF4-8E3F-C315FC33E5EB}.Release|Any CPU.Build.0 = Release|Any CPU
	EndGlobalSection
	GlobalSection(SolutionProperties) = preSolution
		HideSolutionNode = FALSE
	EndGlobalSection
	GlobalSection(NestedProjects) = preSolution
		{33D98BA0-4475-40E5-B4BC-A725B084C6F7} = {C28B6D20-1E83-473A-8134-20E82C8D1445}
		{05133918-BFB3-4DF4-8E3F-C315FC33E5EB} = {C28B6D20-1E83-473A-8134-20E82C8D1445}
	EndGlobalSection
	GlobalSection(ExtensibilityGlobals) = postSolution
		SolutionGuid = {D2A8B4BF-CD6A-4F35-813A-19FDEC0FC12A}
	EndGlobalSection
EndGlobal
